// !$*UTF8*$!
{
	archiveVersion = 1;
	classes = {
	};
	objectVersion = 46;
	objects = {

/* Begin PBXBuildFile section */
		893B57A51CC9FFAA00E7FFED /* AppDelegate.swift in Sources */ = {isa = PBXBuildFile; fileRef = 893B57A41CC9FFAA00E7FFED /* AppDelegate.swift */; };
		893B57AA1CC9FFAA00E7FFED /* Main.storyboard in Resources */ = {isa = PBXBuildFile; fileRef = 893B57A81CC9FFAA00E7FFED /* Main.storyboard */; };
		893B57AC1CC9FFAA00E7FFED /* Assets.xcassets in Resources */ = {isa = PBXBuildFile; fileRef = 893B57AB1CC9FFAA00E7FFED /* Assets.xcassets */; };
		893B57AF1CC9FFAA00E7FFED /* LaunchScreen.storyboard in Resources */ = {isa = PBXBuildFile; fileRef = 893B57AD1CC9FFAA00E7FFED /* LaunchScreen.storyboard */; };
		893B57B71CCA02C600E7FFED /* RootTableViewController.swift in Sources */ = {isa = PBXBuildFile; fileRef = 893B57B61CCA02C600E7FFED /* RootTableViewController.swift */; };
		893B57B91CCA03AE00E7FFED /* SegueHelper.swift in Sources */ = {isa = PBXBuildFile; fileRef = 893B57B81CCA03AE00E7FFED /* SegueHelper.swift */; };
		89B1D2381CCA137C00511C25 /* NavigationTransition.storyboard in Resources */ = {isa = PBXBuildFile; fileRef = 89B1D2361CCA137C00511C25 /* NavigationTransition.storyboard */; };
		89B1D23A1CCA15B300511C25 /* FirstViewController.swift in Sources */ = {isa = PBXBuildFile; fileRef = 89B1D2391CCA15B300511C25 /* FirstViewController.swift */; };
		89B1D23C1CCA15D400511C25 /* SecondViewController.swift in Sources */ = {isa = PBXBuildFile; fileRef = 89B1D23B1CCA15D400511C25 /* SecondViewController.swift */; };
		89B1D23F1CCA165600511C25 /* SlideAnimationController.swift in Sources */ = {isa = PBXBuildFile; fileRef = 89B1D23E1CCA165600511C25 /* SlideAnimationController.swift */; };
		89B1D2411CCA442100511C25 /* HWDNavigationController.swift in Sources */ = {isa = PBXBuildFile; fileRef = 89B1D2401CCA442100511C25 /* HWDNavigationController.swift */; };
		89B1D2431CCA667500511C25 /* OverlayAnimationController.swift in Sources */ = {isa = PBXBuildFile; fileRef = 89B1D2421CCA667500511C25 /* OverlayAnimationController.swift */; };
		89B1D2451CCB430E00511C25 /* PresentedViewController.swift in Sources */ = {isa = PBXBuildFile; fileRef = 89B1D2441CCB430E00511C25 /* PresentedViewController.swift */; };
		89B1D2471CCB43D000511C25 /* HWDModalTransitionDelegate.swift in Sources */ = {isa = PBXBuildFile; fileRef = 89B1D2461CCB43D000511C25 /* HWDModalTransitionDelegate.swift */; };
		89B1D2491CCB449200511C25 /* OverlayPresentationController.swift in Sources */ = {isa = PBXBuildFile; fileRef = 89B1D2481CCB449200511C25 /* OverlayPresentationController.swift */; };
/* End PBXBuildFile section */

/* Begin PBXFileReference section */
		893B57A11CC9FFAA00E7FFED /* TransitionDemo.app */ = {isa = PBXFileReference; explicitFileType = wrapper.application; includeInIndex = 0; path = TransitionDemo.app; sourceTree = BUILT_PRODUCTS_DIR; };
		893B57A41CC9FFAA00E7FFED /* AppDelegate.swift */ = {isa = PBXFileReference; lastKnownFileType = sourcecode.swift; path = AppDelegate.swift; sourceTree = "<group>"; };
		893B57A91CC9FFAA00E7FFED /* Base */ = {isa = PBXFileReference; lastKnownFileType = file.storyboard; name = Base; path = Base.lproj/Main.storyboard; sourceTree = "<group>"; };
		893B57AB1CC9FFAA00E7FFED /* Assets.xcassets */ = {isa = PBXFileReference; lastKnownFileType = folder.assetcatalog; path = Assets.xcassets; sourceTree = "<group>"; };
		893B57AE1CC9FFAA00E7FFED /* Base */ = {isa = PBXFileReference; lastKnownFileType = file.storyboard; name = Base; path = Base.lproj/LaunchScreen.storyboard; sourceTree = "<group>"; };
		893B57B01CC9FFAA00E7FFED /* Info.plist */ = {isa = PBXFileReference; lastKnownFileType = text.plist.xml; path = Info.plist; sourceTree = "<group>"; };
		893B57B61CCA02C600E7FFED /* RootTableViewController.swift */ = {isa = PBXFileReference; fileEncoding = 4; lastKnownFileType = sourcecode.swift; name = RootTableViewController.swift; path = ../RootTableViewController.swift; sourceTree = "<group>"; };
		893B57B81CCA03AE00E7FFED /* SegueHelper.swift */ = {isa = PBXFileReference; fileEncoding = 4; lastKnownFileType = sourcecode.swift; path = SegueHelper.swift; sourceTree = "<group>"; };
		89B1D2371CCA137C00511C25 /* Base */ = {isa = PBXFileReference; lastKnownFileType = file.storyboard; name = Base; path = Base.lproj/NavigationTransition.storyboard; sourceTree = "<group>"; };
		89B1D2391CCA15B300511C25 /* FirstViewController.swift */ = {isa = PBXFileReference; fileEncoding = 4; lastKnownFileType = sourcecode.swift; path = FirstViewController.swift; sourceTree = "<group>"; };
		89B1D23B1CCA15D400511C25 /* SecondViewController.swift */ = {isa = PBXFileReference; fileEncoding = 4; lastKnownFileType = sourcecode.swift; path = SecondViewController.swift; sourceTree = "<group>"; };
		89B1D23E1CCA165600511C25 /* SlideAnimationController.swift */ = {isa = PBXFileReference; fileEncoding = 4; lastKnownFileType = sourcecode.swift; path = SlideAnimationController.swift; sourceTree = "<group>"; };
		89B1D2401CCA442100511C25 /* HWDNavigationController.swift */ = {isa = PBXFileReference; fileEncoding = 4; lastKnownFileType = sourcecode.swift; path = HWDNavigationController.swift; sourceTree = "<group>"; };
		89B1D2421CCA667500511C25 /* OverlayAnimationController.swift */ = {isa = PBXFileReference; fileEncoding = 4; lastKnownFileType = sourcecode.swift; path = OverlayAnimationController.swift; sourceTree = "<group>"; };
		89B1D2441CCB430E00511C25 /* PresentedViewController.swift */ = {isa = PBXFileReference; fileEncoding = 4; lastKnownFileType = sourcecode.swift; path = PresentedViewController.swift; sourceTree = "<group>"; };
		89B1D2461CCB43D000511C25 /* HWDModalTransitionDelegate.swift */ = {isa = PBXFileReference; fileEncoding = 4; lastKnownFileType = sourcecode.swift; path = HWDModalTransitionDelegate.swift; sourceTree = "<group>"; };
		89B1D2481CCB449200511C25 /* OverlayPresentationController.swift */ = {isa = PBXFileReference; fileEncoding = 4; lastKnownFileType = sourcecode.swift; path = OverlayPresentationController.swift; sourceTree = "<group>"; };
/* End PBXFileReference section */

/* Begin PBXFrameworksBuildPhase section */
		893B579E1CC9FFAA00E7FFED /* Frameworks */ = {
			isa = PBXFrameworksBuildPhase;
			buildActionMask = 2147483647;
			files = (
			);
			runOnlyForDeploymentPostprocessing = 0;
		};
/* End PBXFrameworksBuildPhase section */

/* Begin PBXGroup section */
		893B57981CC9FFAA00E7FFED = {
			isa = PBXGroup;
			children = (
				893B57A31CC9FFAA00E7FFED /* TransitionDemo */,
				893B57A21CC9FFAA00E7FFED /* Products */,
			);
			sourceTree = "<group>";
		};
		893B57A21CC9FFAA00E7FFED /* Products */ = {
			isa = PBXGroup;
			children = (
				893B57A11CC9FFAA00E7FFED /* TransitionDemo.app */,
			);
			name = Products;
			sourceTree = "<group>";
		};
		893B57A31CC9FFAA00E7FFED /* TransitionDemo */ = {
			isa = PBXGroup;
			children = (
				893B57B81CCA03AE00E7FFED /* SegueHelper.swift */,
				893B57A41CC9FFAA00E7FFED /* AppDelegate.swift */,
				893B57B61CCA02C600E7FFED /* RootTableViewController.swift */,
				897BD2F11CCB7DAC00E9A001 /* ModalTransition */,
				893B57A81CC9FFAA00E7FFED /* Main.storyboard */,
				89B1D23D1CCA15DD00511C25 /* NavigationTransition */,
				893B57AB1CC9FFAA00E7FFED /* Assets.xcassets */,
				893B57AD1CC9FFAA00E7FFED /* LaunchScreen.storyboard */,
				893B57B01CC9FFAA00E7FFED /* Info.plist */,
			);
			path = TransitionDemo;
			sourceTree = "<group>";
		};
		897BD2F11CCB7DAC00E9A001 /* ModalTransition */ = {
			isa = PBXGroup;
			children = (
				89B1D2421CCA667500511C25 /* OverlayAnimationController.swift */,
				89B1D2461CCB43D000511C25 /* HWDModalTransitionDelegate.swift */,
				89B1D2441CCB430E00511C25 /* PresentedViewController.swift */,
				89B1D2481CCB449200511C25 /* OverlayPresentationController.swift */,
			);
			name = ModalTransition;
			sourceTree = "<group>";
		};
		89B1D23D1CCA15DD00511C25 /* NavigationTransition */ = {
			isa = PBXGroup;
			children = (
				89B1D23E1CCA165600511C25 /* SlideAnimationController.swift */,
				89B1D2401CCA442100511C25 /* HWDNavigationController.swift */,
				89B1D2361CCA137C00511C25 /* NavigationTransition.storyboard */,
				89B1D2391CCA15B300511C25 /* FirstViewController.swift */,
				89B1D23B1CCA15D400511C25 /* SecondViewController.swift */,
			);
			name = NavigationTransition;
			sourceTree = "<group>";
		};
/* End PBXGroup section */

/* Begin PBXNativeTarget section */
		893B57A01CC9FFAA00E7FFED /* TransitionDemo */ = {
			isa = PBXNativeTarget;
			buildConfigurationList = 893B57B31CC9FFAA00E7FFED /* Build configuration list for PBXNativeTarget "TransitionDemo" */;
			buildPhases = (
				893B579D1CC9FFAA00E7FFED /* Sources */,
				893B579E1CC9FFAA00E7FFED /* Frameworks */,
				893B579F1CC9FFAA00E7FFED /* Resources */,
			);
			buildRules = (
			);
			dependencies = (
			);
			name = TransitionDemo;
			productName = TransitionDemo;
			productReference = 893B57A11CC9FFAA00E7FFED /* TransitionDemo.app */;
			productType = "com.apple.product-type.application";
		};
/* End PBXNativeTarget section */

/* Begin PBXProject section */
		893B57991CC9FFAA00E7FFED /* Project object */ = {
			isa = PBXProject;
			attributes = {
				LastSwiftUpdateCheck = 0730;
				LastUpgradeCheck = 0730;
				ORGANIZATIONNAME = Howard;
				TargetAttributes = {
					893B57A01CC9FFAA00E7FFED = {
						CreatedOnToolsVersion = 7.3;
					};
				};
			};
			buildConfigurationList = 893B579C1CC9FFAA00E7FFED /* Build configuration list for PBXProject "TransitionDemo" */;
			compatibilityVersion = "Xcode 3.2";
			developmentRegion = English;
			hasScannedForEncodings = 0;
			knownRegions = (
				en,
				Base,
			);
			mainGroup = 893B57981CC9FFAA00E7FFED;
			productRefGroup = 893B57A21CC9FFAA00E7FFED /* Products */;
			projectDirPath = "";
			projectRoot = "";
			targets = (
				893B57A01CC9FFAA00E7FFED /* TransitionDemo */,
			);
		};
/* End PBXProject section */

/* Begin PBXResourcesBuildPhase section */
		893B579F1CC9FFAA00E7FFED /* Resources */ = {
			isa = PBXResourcesBuildPhase;
			buildActionMask = 2147483647;
			files = (
				893B57AF1CC9FFAA00E7FFED /* LaunchScreen.storyboard in Resources */,
				89B1D2381CCA137C00511C25 /* NavigationTransition.storyboard in Resources */,
				893B57AC1CC9FFAA00E7FFED /* Assets.xcassets in Resources */,
				893B57AA1CC9FFAA00E7FFED /* Main.storyboard in Resources */,
			);
			runOnlyForDeploymentPostprocessing = 0;
		};
/* End PBXResourcesBuildPhase section */

/* Begin PBXSourcesBuildPhase section */
		893B579D1CC9FFAA00E7FFED /* Sources */ = {
			isa = PBXSourcesBuildPhase;
			buildActionMask = 2147483647;
			files = (
				89B1D23F1CCA165600511C25 /* SlideAnimationController.swift in Sources */,
				893B57B91CCA03AE00E7FFED /* SegueHelper.swift in Sources */,
				89B1D2431CCA667500511C25 /* OverlayAnimationController.swift in Sources */,
				893B57A51CC9FFAA00E7FFED /* AppDelegate.swift in Sources */,
				89B1D2491CCB449200511C25 /* OverlayPresentationController.swift in Sources */,
				89B1D2471CCB43D000511C25 /* HWDModalTransitionDelegate.swift in Sources */,
				893B57B71CCA02C600E7FFED /* RootTableViewController.swift in Sources */,
				89B1D2451CCB430E00511C25 /* PresentedViewController.swift in Sources */,
				89B1D2411CCA442100511C25 /* HWDNavigationController.swift in Sources */,
				89B1D23C1CCA15D400511C25 /* SecondViewController.swift in Sources */,
				89B1D23A1CCA15B300511C25 /* FirstViewController.swift in Sources */,
			);
			runOnlyForDeploymentPostprocessing = 0;
		};
/* End PBXSourcesBuildPhase section */

/* Begin PBXVariantGroup section */
		893B57A81CC9FFAA00E7FFED /* Main.storyboard */ = {
			isa = PBXVariantGroup;
			children = (
				893B57A91CC9FFAA00E7FFED /* Base */,
			);
			name = Main.storyboard;
			sourceTree = "<group>";
		};
		893B57AD1CC9FFAA00E7FFED /* LaunchScreen.storyboard */ = {
			isa = PBXVariantGroup;
			children = (
				893B57AE1CC9FFAA00E7FFED /* Base */,
			);
			name = LaunchScreen.storyboard;
			sourceTree = "<group>";
		};
		89B1D2361CCA137C00511C25 /* NavigationTransition.storyboard */ = {
			isa = PBXVariantGroup;
			children = (
				89B1D2371CCA137C00511C25 /* Base */,
			);
			name = NavigationTransition.storyboard;
			sourceTree = "<group>";
		};
/* End PBXVariantGroup section */

/* Begin XCBuildConfiguration section */
		893B57B11CC9FFAA00E7FFED /* Debug */ = {
			isa = XCBuildConfiguration;
			buildSettings = {
				ALWAYS_SEARCH_USER_PATHS = NO;
				CLANG_ANALYZER_NONNULL = YES;
				CLANG_CXX_LANGUAGE_STANDARD = "gnu++0x";
				CLANG_CXX_LIBRARY = "libc++";
				CLANG_ENABLE_MODULES = YES;
				CLANG_ENABLE_OBJC_ARC = YES;
				CLANG_WARN_BOOL_CONVERSION = YES;
				CLANG_WARN_CONSTANT_CONVERSION = YES;
				CLANG_WARN_DIRECT_OBJC_ISA_USAGE = YES_ERROR;
				CLANG_WARN_EMPTY_BODY = YES;
				CLANG_WARN_ENUM_CONVERSION = YES;
				CLANG_WARN_INT_CONVERSION = YES;
				CLANG_WARN_OBJC_ROOT_CLASS = YES_ERROR;
				CLANG_WARN_UNREACHABLE_CODE = YES;
				CLANG_WARN__DUPLICATE_METHOD_MATCH = YES;
				"CODE_SIGN_IDENTITY[sdk=iphoneos*]" = "iPhone Developer";
				COPY_PHASE_STRIP = NO;
				DEBUG_INFORMATION_FORMAT = dwarf;
				ENABLE_STRICT_OBJC_MSGSEND = YES;
				ENABLE_TESTABILITY = YES;
				GCC_C_LANGUAGE_STANDARD = gnu99;
				GCC_DYNAMIC_NO_PIC = NO;
				GCC_NO_COMMON_BLOCKS = YES;
				GCC_OPTIMIZATION_LEVEL = 0;
				GCC_PREPROCESSOR_DEFINITIONS = (
					"DEBUG=1",
					"$(inherited)",
				);
				GCC_WARN_64_TO_32_BIT_CONVERSION = YES;
				GCC_WARN_ABOUT_RETURN_TYPE = YES_ERROR;
				GCC_WARN_UNDECLARED_SELECTOR = YES;
				GCC_WARN_UNINITIALIZED_AUTOS = YES_AGGRESSIVE;
				GCC_WARN_UNUSED_FUNCTION = YES;
				GCC_WARN_UNUSED_VARIABLE = YES;
				IPHONEOS_DEPLOYMENT_TARGET = 9.3;
				MTL_ENABLE_DEBUG_INFO = YES;
				ONLY_ACTIVE_ARCH = YES;
				SDKROOT = iphoneos;
				SWIFT_OPTIMIZATION_LEVEL = "-Onone";
			};
			name = Debug;
		};
		893B57B21CC9FFAA00E7FFED /* Release */ = {
			isa = XCBuildConfiguration;
			buildSettings = {
				ALWAYS_SEARCH_USER_PATHS = NO;
				CLANG_ANALYZER_NONNULL = YES;
				CLANG_CXX_LANGUAGE_STANDARD = "gnu++0x";
				CLANG_CXX_LIBRARY = "libc++";
				CLANG_ENABLE_MODULES = YES;
				CLANG_ENABLE_OBJC_ARC = YES;
				CLANG_WARN_BOOL_CONVERSION = YES;
				CLANG_WARN_CONSTANT_CONVERSION = YES;
				CLANG_WARN_DIRECT_OBJC_ISA_USAGE = YES_ERROR;
				CLANG_WARN_EMPTY_BODY = YES;
				CLANG_WARN_ENUM_CONVERSION = YES;
				CLANG_WARN_INT_CONVERSION = YES;
				CLANG_WARN_OBJC_ROOT_CLASS = YES_ERROR;
				CLANG_WARN_UNREACHABLE_CODE = YES;
				CLANG_WARN__DUPLICATE_METHOD_MATCH = YES;
				"CODE_SIGN_IDENTITY[sdk=iphoneos*]" = "iPhone Developer";
				COPY_PHASE_STRIP = NO;
				DEBUG_INFORMATION_FORMAT = "dwarf-with-dsym";
				ENABLE_NS_ASSERTIONS = NO;
				ENABLE_STRICT_OBJC_MSGSEND = YES;
				GCC_C_LANGUAGE_STANDARD = gnu99;
				GCC_NO_COMMON_BLOCKS = YES;
				GCC_WARN_64_TO_32_BIT_CONVERSION = YES;
				GCC_WARN_ABOUT_RETURN_TYPE = YES_ERROR;
				GCC_WARN_UNDECLARED_SELECTOR = YES;
				GCC_WARN_UNINITIALIZED_AUTOS = YES_AGGRESSIVE;
				GCC_WARN_UNUSED_FUNCTION = YES;
				GCC_WARN_UNUSED_VARIABLE = YES;
				IPHONEOS_DEPLOYMENT_TARGET = 9.3;
				MTL_ENABLE_DEBUG_INFO = NO;
				SDKROOT = iphoneos;
				VALIDATE_PRODUCT = YES;
			};
			name = Release;
		};
		893B57B41CC9FFAA00E7FFED /* Debug */ = {
			isa = XCBuildConfiguration;
			buildSettings = {
				ASSETCATALOG_COMPILER_APPICON_NAME = AppIcon;
				INFOPLIST_FILE = TransitionDemo/Info.plist;
				IPHONEOS_DEPLOYMENT_TARGET = 9.3;
				LD_RUNPATH_SEARCH_PATHS = "$(inherited) @executable_path/Frameworks";
				PRODUCT_BUNDLE_IDENTIFIER = com.self.Hooowardsjskajskdjkjkj.TransitionDemo;
				PRODUCT_NAME = "$(TARGET_NAME)";
			};
			name = Debug;
		};
		893B57B51CC9FFAA00E7FFED /* Release */ = {
			isa = XCBuildConfiguration;
			buildSettings = {
				ASSETCATALOG_COMPILER_APPICON_NAME = AppIcon;
				INFOPLIST_FILE = TransitionDemo/Info.plist;
				IPHONEOS_DEPLOYMENT_TARGET = 9.3;
				LD_RUNPATH_SEARCH_PATHS = "$(inherited) @executable_path/Frameworks";
				PRODUCT_BUNDLE_IDENTIFIER = com.self.Hooowardsjskajskdjkjkj.TransitionDemo;
				PRODUCT_NAME = "$(TARGET_NAME)";
			};
			name = Release;
		};
/* End XCBuildConfiguration section */

/* Begin XCConfigurationList section */
		893B579C1CC9FFAA00E7FFED /* Build configuration list for PBXProject "TransitionDemo" */ = {
			isa = XCConfigurationList;
			buildConfigurations = (
				893B57B11CC9FFAA00E7FFED /* Debug */,
				893B57B21CC9FFAA00E7FFED /* Release */,
			);
			defaultConfigurationIsVisible = 0;
			defaultConfigurationName = Release;
		};
		893B57B31CC9FFAA00E7FFED /* Build configuration list for PBXNativeTarget "TransitionDemo" */ = {
			isa = XCConfigurationList;
			buildConfigurations = (
				893B57B41CC9FFAA00E7FFED /* Debug */,
				893B57B51CC9FFAA00E7FFED /* Release */,
			);
			defaultConfigurationIsVisible = 0;
			defaultConfigurationName = Release;
		};
/* End XCConfigurationList section */
	};
	rootObject = 893B57991CC9FFAA00E7FFED /* Project object */;
}
